
Microsoft Visual Studio Solution File, Format Version 12.00
# Visual Studio Version 17
VisualStudioVersion = 17.0.31903.59
MinimumVisualStudioVersion = 10.0.40219.1
Project("{FAE04EC0-301F-11D3-BF4B-00C04F79EFBC}") = "VpnService.Domain", "VpnService.Domain\VpnService.Domain.csproj", "{8DF69555-BA4E-44E2-A97C-DE66D18D3E64}"
EndProject
Project("{FAE04EC0-301F-11D3-BF4B-00C04F79EFBC}") = "VpnService.Application", "VpnService.Application\VpnService.Application.csproj", "{EA09B29F-9772-449F-A203-09894A05AF46}"
EndProject
Project("{FAE04EC0-301F-11D3-BF4B-00C04F79EFBC}") = "VpnService.Infrastructure", "VpnService.Infrastructure\VpnService.Infrastructure.csproj", "{06CBAB9B-6DAC-4D9E-9709-001B89B4F440}"
EndProject
Project("{FAE04EC0-301F-11D3-BF4B-00C04F79EFBC}") = "VpnService.Api", "VpnService.Api\VpnService.Api.csproj", "{1E437814-86A9-492A-A680-A9F361CDA195}"
EndProject
Global
	GlobalSection(SolutionConfigurationPlatforms) = preSolution
		Debug|Any CPU = Debug|Any CPU
		Debug|x64 = Debug|x64
		Debug|x86 = Debug|x86
		Release|Any CPU = Release|Any CPU
		Release|x64 = Release|x64
		Release|x86 = Release|x86
	EndGlobalSection
	GlobalSection(ProjectConfigurationPlatforms) = postSolution
		{8DF69555-BA4E-44E2-A97C-DE66D18D3E64}.Debug|Any CPU.ActiveCfg = Debug|Any CPU
		{8DF69555-BA4E-44E2-A97C-DE66D18D3E64}.Debug|Any CPU.Build.0 = Debug|Any CPU
		{8DF69555-BA4E-44E2-A97C-DE66D18D3E64}.Debug|x64.ActiveCfg = Debug|Any CPU
		{8DF69555-BA4E-44E2-A97C-DE66D18D3E64}.Debug|x64.Build.0 = Debug|Any CPU
		{8DF69555-BA4E-44E2-A97C-DE66D18D3E64}.Debug|x86.ActiveCfg = Debug|Any CPU
		{8DF69555-BA4E-44E2-A97C-DE66D18D3E64}.Debug|x86.Build.0 = Debug|Any CPU
		{8DF69555-BA4E-44E2-A97C-DE66D18D3E64}.Release|Any CPU.ActiveCfg = Release|Any CPU
		{8DF69555-BA4E-44E2-A97C-DE66D18D3E64}.Release|Any CPU.Build.0 = Release|Any CPU
		{8DF69555-BA4E-44E2-A97C-DE66D18D3E64}.Release|x64.ActiveCfg = Release|Any CPU
		{8DF69555-BA4E-44E2-A97C-DE66D18D3E64}.Release|x64.Build.0 = Release|Any CPU
		{8DF69555-BA4E-44E2-A97C-DE66D18D3E64}.Release|x86.ActiveCfg = Release|Any CPU
		{8DF69555-BA4E-44E2-A97C-DE66D18D3E64}.Release|x86.Build.0 = Release|Any CPU
		{EA09B29F-9772-449F-A203-09894A05AF46}.Debug|Any CPU.ActiveCfg = Debug|Any CPU
		{EA09B29F-9772-449F-A203-09894A05AF46}.Debug|Any CPU.Build.0 = Debug|Any CPU
		{EA09B29F-9772-449F-A203-09894A05AF46}.Debug|x64.ActiveCfg = Debug|Any CPU
		{EA09B29F-9772-449F-A203-09894A05AF46}.Debug|x64.Build.0 = Debug|Any CPU
		{EA09B29F-9772-449F-A203-09894A05AF46}.Debug|x86.ActiveCfg = Debug|Any CPU
		{EA09B29F-9772-449F-A203-09894A05AF46}.Debug|x86.Build.0 = Debug|Any CPU
		{EA09B29F-9772-449F-A203-09894A05AF46}.Release|Any CPU.ActiveCfg = Release|Any CPU
		{EA09B29F-9772-449F-A203-09894A05AF46}.Release|Any CPU.Build.0 = Release|Any CPU
		{EA09B29F-9772-449F-A203-09894A05AF46}.Release|x64.ActiveCfg = Release|Any CPU
		{EA09B29F-9772-449F-A203-09894A05AF46}.Release|x64.Build.0 = Release|Any CPU
		{EA09B29F-9772-449F-A203-09894A05AF46}.Release|x86.ActiveCfg = Release|Any CPU
		{EA09B29F-9772-449F-A203-09894A05AF46}.Release|x86.Build.0 = Release|Any CPU
		{06CBAB9B-6DAC-4D9E-9709-001B89B4F440}.Debug|Any CPU.ActiveCfg = Debug|Any CPU
		{06CBAB9B-6DAC-4D9E-9709-001B89B4F440}.Debug|Any CPU.Build.0 = Debug|Any CPU
		{06CBAB9B-6DAC-4D9E-9709-001B89B4F440}.Debug|x64.ActiveCfg = Debug|Any CPU
		{06CBAB9B-6DAC-4D9E-9709-001B89B4F440}.Debug|x64.Build.0 = Debug|Any CPU
		{06CBAB9B-6DAC-4D9E-9709-001B89B4F440}.Debug|x86.ActiveCfg = Debug|Any CPU
		{06CBAB9B-6DAC-4D9E-9709-001B89B4F440}.Debug|x86.Build.0 = Debug|Any CPU
		{06CBAB9B-6DAC-4D9E-9709-001B89B4F440}.Release|Any CPU.ActiveCfg = Release|Any CPU
		{06CBAB9B-6DAC-4D9E-9709-001B89B4F440}.Release|Any CPU.Build.0 = Release|Any CPU
		{06CBAB9B-6DAC-4D9E-9709-001B89B4F440}.Release|x64.ActiveCfg = Release|Any CPU
		{06CBAB9B-6DAC-4D9E-9709-001B89B4F440}.Release|x64.Build.0 = Release|Any CPU
		{06CBAB9B-6DAC-4D9E-9709-001B89B4F440}.Release|x86.ActiveCfg = Release|Any CPU
		{06CBAB9B-6DAC-4D9E-9709-001B89B4F440}.Release|x86.Build.0 = Release|Any CPU
		{1E437814-86A9-492A-A680-A9F361CDA195}.Debug|Any CPU.ActiveCfg = Debug|Any CPU
		{1E437814-86A9-492A-A680-A9F361CDA195}.Debug|Any CPU.Build.0 = Debug|Any CPU
		{1E437814-86A9-492A-A680-A9F361CDA195}.Debug|x64.ActiveCfg = Debug|Any CPU
		{1E437814-86A9-492A-A680-A9F361CDA195}.Debug|x64.Build.0 = Debug|Any CPU
		{1E437814-86A9-492A-A680-A9F361CDA195}.Debug|x86.ActiveCfg = Debug|Any CPU
		{1E437814-86A9-492A-A680-A9F361CDA195}.Debug|x86.Build.0 = Debug|Any CPU
		{1E437814-86A9-492A-A680-A9F361CDA195}.Release|Any CPU.ActiveCfg = Release|Any CPU
		{1E437814-86A9-492A-A680-A9F361CDA195}.Release|Any CPU.Build.0 = Release|Any CPU
		{1E437814-86A9-492A-A680-A9F361CDA195}.Release|x64.ActiveCfg = Release|Any CPU
		{1E437814-86A9-492A-A680-A9F361CDA195}.Release|x64.Build.0 = Release|Any CPU
		{1E437814-86A9-492A-A680-A9F361CDA195}.Release|x86.ActiveCfg = Release|Any CPU
		{1E437814-86A9-492A-A680-A9F361CDA195}.Release|x86.Build.0 = Release|Any CPU
	EndGlobalSection
	GlobalSection(SolutionProperties) = preSolution
		HideSolutionNode = FALSE
	EndGlobalSection
EndGlobal
